
Microsoft Visual Studio Solution File, Format Version 12.00
# Visual Studio Version 17
VisualStudioVersion = 17.14.36408.4
MinimumVisualStudioVersion = 10.0.40219.1
Project("{FAE04EC0-301F-11D3-BF4B-00C04F79EFBC}") = "StocksApp", "StocksApp.csproj", "{FECB98B7-EA8D-4804-A06A-D6909E593FFD}"
EndProject
Project("{FAE04EC0-301F-11D3-BF4B-00C04F79EFBC}") = "Services", "..\Services\Services.csproj", "{AAD1A3D1-CCD1-4C4E-97C2-853F19D0D5F6}"
EndProject
Project("{FAE04EC0-301F-11D3-BF4B-00C04F79EFBC}") = "ServiceContracts", "..\ServiceContracts\ServiceContracts.csproj", "{220AAEBB-5C4E-48B8-A280-6DCB36FBB5D5}"
EndProject
Project("{FAE04EC0-301F-11D3-BF4B-00C04F79EFBC}") = "Entities", "..\Entities\Entities.csproj", "{20FE75D3-9E35-4257-8531-1E2B3CCDE6BB}"
EndProject
Global
	GlobalSection(SolutionConfigurationPlatforms) = preSolution
		Debug|Any CPU = Debug|Any CPU
		Release|Any CPU = Release|Any CPU
	EndGlobalSection
	GlobalSection(ProjectConfigurationPlatforms) = postSolution
		{FECB98B7-EA8D-4804-A06A-D6909E593FFD}.Debug|Any CPU.ActiveCfg = Debug|Any CPU
		{FECB98B7-EA8D-4804-A06A-D6909E593FFD}.Debug|Any CPU.Build.0 = Debug|Any CPU
		{FECB98B7-EA8D-4804-A06A-D6909E593FFD}.Release|Any CPU.ActiveCfg = Release|Any CPU
		{FECB98B7-EA8D-4804-A06A-D6909E593FFD}.Release|Any CPU.Build.0 = Release|Any CPU
		{AAD1A3D1-CCD1-4C4E-97C2-853F19D0D5F6}.Debug|Any CPU.ActiveCfg = Debug|Any CPU
		{AAD1A3D1-CCD1-4C4E-97C2-853F19D0D5F6}.Debug|Any CPU.Build.0 = Debug|Any CPU
		{AAD1A3D1-CCD1-4C4E-97C2-853F19D0D5F6}.Release|Any CPU.ActiveCfg = Release|Any CPU
		{AAD1A3D1-CCD1-4C4E-97C2-853F19D0D5F6}.Release|Any CPU.Build.0 = Release|Any CPU
		{220AAEBB-5C4E-48B8-A280-6DCB36FBB5D5}.Debug|Any CPU.ActiveCfg = Debug|Any CPU
		{220AAEBB-5C4E-48B8-A280-6DCB36FBB5D5}.Debug|Any CPU.Build.0 = Debug|Any CPU
		{220AAEBB-5C4E-48B8-A280-6DCB36FBB5D5}.Release|Any CPU.ActiveCfg = Release|Any CPU
		{220AAEBB-5C4E-48B8-A280-6DCB36FBB5D5}.Release|Any CPU.Build.0 = Release|Any CPU
		{20FE75D3-9E35-4257-8531-1E2B3CCDE6BB}.Debug|Any CPU.ActiveCfg = Debug|Any CPU
		{20FE75D3-9E35-4257-8531-1E2B3CCDE6BB}.Debug|Any CPU.Build.0 = Debug|Any CPU
		{20FE75D3-9E35-4257-8531-1E2B3CCDE6BB}.Release|Any CPU.ActiveCfg = Release|Any CPU
		{20FE75D3-9E35-4257-8531-1E2B3CCDE6BB}.Release|Any CPU.Build.0 = Release|Any CPU
	EndGlobalSection
	GlobalSection(SolutionProperties) = preSolution
		HideSolutionNode = FALSE
	EndGlobalSection
	GlobalSection(ExtensibilityGlobals) = postSolution
		SolutionGuid = {5C03A619-5E99-4058-AA7E-25EC35D30099}
	EndGlobalSection
EndGlobal
